
Microsoft Visual Studio Solution File, Format Version 12.00
# Visual Studio Version 17
VisualStudioVersion = 17.9.34728.123
MinimumVisualStudioVersion = 10.0.40219.1
Project("{9A19103F-16F7-4668-BE54-9A1E7A4F7556}") = "Application", "Application\Application.csproj", "{962DA631-47C0-484B-B530-9B51BB69A54E}"
EndProject
Project("{9A19103F-16F7-4668-BE54-9A1E7A4F7556}") = "Persistence", "Persistence\Persistence.csproj", "{22183578-0D3B-42A8-A50D-F4B9E58349A1}"
EndProject
Project("{9A19103F-16F7-4668-BE54-9A1E7A4F7556}") = "Infrastructure", "Infrastructure\Infrastructure.csproj", "{7C3B6781-950E-4379-ABAF-DEA3A9D4580D}"
EndProject
Project("{9A19103F-16F7-4668-BE54-9A1E7A4F7556}") = "Domain", "Domain\Domain.csproj", "{11496982-BAE2-4CC0-A9BB-FF2D4D59FC9C}"
EndProject
Project("{FAE04EC0-301F-11D3-BF4B-00C04F79EFBC}") = "PostTechFiap.Api", "PostTechFiap.Api\PostTechFiap.Api.csproj", "{C66CB706-9A1E-4DDA-8AFA-DD6663C0ECB6}"
EndProject
Project("{00D1A9C2-B5F0-4AF3-8072-F6C62B433612}") = "Database", "Database\Database.sqlproj", "{4F8C821C-8595-45CF-912B-F14F41EB7D9B}"
EndProject
Global
	GlobalSection(SolutionConfigurationPlatforms) = preSolution
		Debug|Any CPU = Debug|Any CPU
		Release|Any CPU = Release|Any CPU
	EndGlobalSection
	GlobalSection(ProjectConfigurationPlatforms) = postSolution
		{962DA631-47C0-484B-B530-9B51BB69A54E}.Debug|Any CPU.ActiveCfg = Debug|Any CPU
		{962DA631-47C0-484B-B530-9B51BB69A54E}.Debug|Any CPU.Build.0 = Debug|Any CPU
		{962DA631-47C0-484B-B530-9B51BB69A54E}.Release|Any CPU.ActiveCfg = Release|Any CPU
		{962DA631-47C0-484B-B530-9B51BB69A54E}.Release|Any CPU.Build.0 = Release|Any CPU
		{22183578-0D3B-42A8-A50D-F4B9E58349A1}.Debug|Any CPU.ActiveCfg = Debug|Any CPU
		{22183578-0D3B-42A8-A50D-F4B9E58349A1}.Debug|Any CPU.Build.0 = Debug|Any CPU
		{22183578-0D3B-42A8-A50D-F4B9E58349A1}.Release|Any CPU.ActiveCfg = Release|Any CPU
		{22183578-0D3B-42A8-A50D-F4B9E58349A1}.Release|Any CPU.Build.0 = Release|Any CPU
		{7C3B6781-950E-4379-ABAF-DEA3A9D4580D}.Debug|Any CPU.ActiveCfg = Debug|Any CPU
		{7C3B6781-950E-4379-ABAF-DEA3A9D4580D}.Debug|Any CPU.Build.0 = Debug|Any CPU
		{7C3B6781-950E-4379-ABAF-DEA3A9D4580D}.Release|Any CPU.ActiveCfg = Release|Any CPU
		{7C3B6781-950E-4379-ABAF-DEA3A9D4580D}.Release|Any CPU.Build.0 = Release|Any CPU
		{11496982-BAE2-4CC0-A9BB-FF2D4D59FC9C}.Debug|Any CPU.ActiveCfg = Debug|Any CPU
		{11496982-BAE2-4CC0-A9BB-FF2D4D59FC9C}.Debug|Any CPU.Build.0 = Debug|Any CPU
		{11496982-BAE2-4CC0-A9BB-FF2D4D59FC9C}.Release|Any CPU.ActiveCfg = Release|Any CPU
		{11496982-BAE2-4CC0-A9BB-FF2D4D59FC9C}.Release|Any CPU.Build.0 = Release|Any CPU
		{C66CB706-9A1E-4DDA-8AFA-DD6663C0ECB6}.Debug|Any CPU.ActiveCfg = Debug|Any CPU
		{C66CB706-9A1E-4DDA-8AFA-DD6663C0ECB6}.Debug|Any CPU.Build.0 = Debug|Any CPU
		{C66CB706-9A1E-4DDA-8AFA-DD6663C0ECB6}.Release|Any CPU.ActiveCfg = Release|Any CPU
		{C66CB706-9A1E-4DDA-8AFA-DD6663C0ECB6}.Release|Any CPU.Build.0 = Release|Any CPU
		{4F8C821C-8595-45CF-912B-F14F41EB7D9B}.Debug|Any CPU.ActiveCfg = Debug|Any CPU
		{4F8C821C-8595-45CF-912B-F14F41EB7D9B}.Debug|Any CPU.Build.0 = Debug|Any CPU
		{4F8C821C-8595-45CF-912B-F14F41EB7D9B}.Debug|Any CPU.Deploy.0 = Debug|Any CPU
		{4F8C821C-8595-45CF-912B-F14F41EB7D9B}.Release|Any CPU.ActiveCfg = Release|Any CPU
		{4F8C821C-8595-45CF-912B-F14F41EB7D9B}.Release|Any CPU.Build.0 = Release|Any CPU
		{4F8C821C-8595-45CF-912B-F14F41EB7D9B}.Release|Any CPU.Deploy.0 = Release|Any CPU
	EndGlobalSection
	GlobalSection(SolutionProperties) = preSolution
		HideSolutionNode = FALSE
	EndGlobalSection
	GlobalSection(ExtensibilityGlobals) = postSolution
		SolutionGuid = {120F1A33-0559-47FC-9B50-54CED124CC8C}
	EndGlobalSection
EndGlobal
