
Microsoft Visual Studio Solution File, Format Version 12.00
# Visual Studio Version 17
VisualStudioVersion = 17.9.34728.123
MinimumVisualStudioVersion = 10.0.40219.1
Project("{9A19103F-16F7-4668-BE54-9A1E7A4F7556}") = "Application", "Application\Application.csproj", "{962DA631-47C0-484B-B530-9B51BB69A54E}"
EndProject
Project("{9A19103F-16F7-4668-BE54-9A1E7A4F7556}") = "Persistence", "Persistence\Persistence.csproj", "{22183578-0D3B-42A8-A50D-F4B9E58349A1}"
EndProject
Project("{9A19103F-16F7-4668-BE54-9A1E7A4F7556}") = "Infrastructure", "Infrastructure\Infrastructure.csproj", "{7C3B6781-950E-4379-ABAF-DEA3A9D4580D}"
EndProject
Project("{9A19103F-16F7-4668-BE54-9A1E7A4F7556}") = "Domain", "Domain\Domain.csproj", "{11496982-BAE2-4CC0-A9BB-FF2D4D59FC9C}"
EndProject
Project("{9A19103F-16F7-4668-BE54-9A1E7A4F7556}") = "PostTechFiap.Api", "PostTechFiap.Api\PostTechFiap.Api.csproj", "{C66CB706-9A1E-4DDA-8AFA-DD6663C0ECB6}"
EndProject
Project("{9A19103F-16F7-4668-BE54-9A1E7A4F7556}") = "PosTechFiap.Test", "PosTechFiap.Test\PosTechFiap.Test.csproj", "{67C99358-955B-4BB4-AE71-0AED2108EB00}"
EndProject
Project("{E53339B2-1760-4266-BCC7-CA923CBCF16C}") = "docker-compose", "docker-compose.dcproj", "{AA12F43C-062D-4BD1-AF5E-112EF51AE349}"
EndProject
Project("{2150E333-8FDC-42A3-9474-1A3956D46DE8}") = "src", "src", "{40C434DA-48E1-47D2-9D67-CA7D80C7F010}"
EndProject
Project("{2150E333-8FDC-42A3-9474-1A3956D46DE8}") = "test", "test", "{322F3F96-E8DC-48F2-9719-6D03E4B183D3}"
EndProject
Project("{9A19103F-16F7-4668-BE54-9A1E7A4F7556}") = "CreateContactCommandConsumer", "Consumers\CreateContactCommandConsumer\CreateContactCommandConsumer.csproj", "{DAE421F7-9EA9-41D0-8202-178B0AFC9674}"
EndProject
Project("{2150E333-8FDC-42A3-9474-1A3956D46DE8}") = "Consumers", "Consumers", "{DD851F10-769E-4C7D-84D4-068C3C8153A9}"
EndProject
Project("{9A19103F-16F7-4668-BE54-9A1E7A4F7556}") = "UpdateContactCommandConsumer", "Consumers\UpdateContactCommandConsumer\UpdateContactCommandConsumer.csproj", "{8672B618-9A16-4B21-BC2E-6118B105C6EB}"
EndProject
Project("{FAE04EC0-301F-11D3-BF4B-00C04F79EFBC}") = "DeleteContactCommandConsumer", "Consumers\DeleteContactCommandConsumer\DeleteContactCommandConsumer.csproj", "{37E91061-0D03-4DE8-B439-28F86009746A}"
EndProject
Global
	GlobalSection(SolutionConfigurationPlatforms) = preSolution
		Debug|Any CPU = Debug|Any CPU
		Release|Any CPU = Release|Any CPU
	EndGlobalSection
	GlobalSection(ProjectConfigurationPlatforms) = postSolution
		{962DA631-47C0-484B-B530-9B51BB69A54E}.Debug|Any CPU.ActiveCfg = Debug|Any CPU
		{962DA631-47C0-484B-B530-9B51BB69A54E}.Debug|Any CPU.Build.0 = Debug|Any CPU
		{962DA631-47C0-484B-B530-9B51BB69A54E}.Release|Any CPU.ActiveCfg = Release|Any CPU
		{962DA631-47C0-484B-B530-9B51BB69A54E}.Release|Any CPU.Build.0 = Release|Any CPU
		{22183578-0D3B-42A8-A50D-F4B9E58349A1}.Debug|Any CPU.ActiveCfg = Debug|Any CPU
		{22183578-0D3B-42A8-A50D-F4B9E58349A1}.Debug|Any CPU.Build.0 = Debug|Any CPU
		{22183578-0D3B-42A8-A50D-F4B9E58349A1}.Release|Any CPU.ActiveCfg = Release|Any CPU
		{22183578-0D3B-42A8-A50D-F4B9E58349A1}.Release|Any CPU.Build.0 = Release|Any CPU
		{7C3B6781-950E-4379-ABAF-DEA3A9D4580D}.Debug|Any CPU.ActiveCfg = Debug|Any CPU
		{7C3B6781-950E-4379-ABAF-DEA3A9D4580D}.Debug|Any CPU.Build.0 = Debug|Any CPU
		{7C3B6781-950E-4379-ABAF-DEA3A9D4580D}.Release|Any CPU.ActiveCfg = Release|Any CPU
		{7C3B6781-950E-4379-ABAF-DEA3A9D4580D}.Release|Any CPU.Build.0 = Release|Any CPU
		{11496982-BAE2-4CC0-A9BB-FF2D4D59FC9C}.Debug|Any CPU.ActiveCfg = Debug|Any CPU
		{11496982-BAE2-4CC0-A9BB-FF2D4D59FC9C}.Debug|Any CPU.Build.0 = Debug|Any CPU
		{11496982-BAE2-4CC0-A9BB-FF2D4D59FC9C}.Release|Any CPU.ActiveCfg = Release|Any CPU
		{11496982-BAE2-4CC0-A9BB-FF2D4D59FC9C}.Release|Any CPU.Build.0 = Release|Any CPU
		{C66CB706-9A1E-4DDA-8AFA-DD6663C0ECB6}.Debug|Any CPU.ActiveCfg = Debug|Any CPU
		{C66CB706-9A1E-4DDA-8AFA-DD6663C0ECB6}.Debug|Any CPU.Build.0 = Debug|Any CPU
		{C66CB706-9A1E-4DDA-8AFA-DD6663C0ECB6}.Release|Any CPU.ActiveCfg = Release|Any CPU
		{C66CB706-9A1E-4DDA-8AFA-DD6663C0ECB6}.Release|Any CPU.Build.0 = Release|Any CPU
		{67C99358-955B-4BB4-AE71-0AED2108EB00}.Debug|Any CPU.ActiveCfg = Debug|Any CPU
		{67C99358-955B-4BB4-AE71-0AED2108EB00}.Debug|Any CPU.Build.0 = Debug|Any CPU
		{67C99358-955B-4BB4-AE71-0AED2108EB00}.Release|Any CPU.ActiveCfg = Release|Any CPU
		{67C99358-955B-4BB4-AE71-0AED2108EB00}.Release|Any CPU.Build.0 = Release|Any CPU
		{AA12F43C-062D-4BD1-AF5E-112EF51AE349}.Debug|Any CPU.ActiveCfg = Debug|Any CPU
		{AA12F43C-062D-4BD1-AF5E-112EF51AE349}.Debug|Any CPU.Build.0 = Debug|Any CPU
		{AA12F43C-062D-4BD1-AF5E-112EF51AE349}.Release|Any CPU.ActiveCfg = Release|Any CPU
		{AA12F43C-062D-4BD1-AF5E-112EF51AE349}.Release|Any CPU.Build.0 = Release|Any CPU
		{DAE421F7-9EA9-41D0-8202-178B0AFC9674}.Debug|Any CPU.ActiveCfg = Debug|Any CPU
		{DAE421F7-9EA9-41D0-8202-178B0AFC9674}.Debug|Any CPU.Build.0 = Debug|Any CPU
		{DAE421F7-9EA9-41D0-8202-178B0AFC9674}.Release|Any CPU.ActiveCfg = Release|Any CPU
		{DAE421F7-9EA9-41D0-8202-178B0AFC9674}.Release|Any CPU.Build.0 = Release|Any CPU
		{8672B618-9A16-4B21-BC2E-6118B105C6EB}.Debug|Any CPU.ActiveCfg = Debug|Any CPU
		{8672B618-9A16-4B21-BC2E-6118B105C6EB}.Debug|Any CPU.Build.0 = Debug|Any CPU
		{8672B618-9A16-4B21-BC2E-6118B105C6EB}.Release|Any CPU.ActiveCfg = Release|Any CPU
		{8672B618-9A16-4B21-BC2E-6118B105C6EB}.Release|Any CPU.Build.0 = Release|Any CPU
		{37E91061-0D03-4DE8-B439-28F86009746A}.Debug|Any CPU.ActiveCfg = Debug|Any CPU
		{37E91061-0D03-4DE8-B439-28F86009746A}.Debug|Any CPU.Build.0 = Debug|Any CPU
		{37E91061-0D03-4DE8-B439-28F86009746A}.Release|Any CPU.ActiveCfg = Release|Any CPU
		{37E91061-0D03-4DE8-B439-28F86009746A}.Release|Any CPU.Build.0 = Release|Any CPU
	EndGlobalSection
	GlobalSection(SolutionProperties) = preSolution
		HideSolutionNode = FALSE
	EndGlobalSection
	GlobalSection(NestedProjects) = preSolution
		{962DA631-47C0-484B-B530-9B51BB69A54E} = {40C434DA-48E1-47D2-9D67-CA7D80C7F010}
		{22183578-0D3B-42A8-A50D-F4B9E58349A1} = {40C434DA-48E1-47D2-9D67-CA7D80C7F010}
		{7C3B6781-950E-4379-ABAF-DEA3A9D4580D} = {40C434DA-48E1-47D2-9D67-CA7D80C7F010}
		{11496982-BAE2-4CC0-A9BB-FF2D4D59FC9C} = {40C434DA-48E1-47D2-9D67-CA7D80C7F010}
		{C66CB706-9A1E-4DDA-8AFA-DD6663C0ECB6} = {40C434DA-48E1-47D2-9D67-CA7D80C7F010}
		{67C99358-955B-4BB4-AE71-0AED2108EB00} = {322F3F96-E8DC-48F2-9719-6D03E4B183D3}
		{AA12F43C-062D-4BD1-AF5E-112EF51AE349} = {40C434DA-48E1-47D2-9D67-CA7D80C7F010}
		{DAE421F7-9EA9-41D0-8202-178B0AFC9674} = {DD851F10-769E-4C7D-84D4-068C3C8153A9}
		{DD851F10-769E-4C7D-84D4-068C3C8153A9} = {40C434DA-48E1-47D2-9D67-CA7D80C7F010}
		{8672B618-9A16-4B21-BC2E-6118B105C6EB} = {DD851F10-769E-4C7D-84D4-068C3C8153A9}
		{37E91061-0D03-4DE8-B439-28F86009746A} = {DD851F10-769E-4C7D-84D4-068C3C8153A9}
	EndGlobalSection
	GlobalSection(ExtensibilityGlobals) = postSolution
		SolutionGuid = {120F1A33-0559-47FC-9B50-54CED124CC8C}
	EndGlobalSection
EndGlobal
